
Microsoft Visual Studio Solution File, Format Version 12.00
# Visual Studio Version 17
VisualStudioVersion = 17.13.35919.96 d17.13
MinimumVisualStudioVersion = 10.0.40219.1
Project("{FAE04EC0-301F-11D3-BF4B-00C04F79EFBC}") = "GUI_QLVT", "GUI_QLVT\GUI_QLVT.csproj", "{CC2BE01D-C8B5-49BD-A796-8DE9FA487651}"
EndProject
Project("{FAE04EC0-301F-11D3-BF4B-00C04F79EFBC}") = "DAL_QLVT", "DAL_QLVT\DAL_QLVT.csproj", "{CDD6909D-93F8-4C59-9BCD-95862210B4D9}"
EndProject
Project("{FAE04EC0-301F-11D3-BF4B-00C04F79EFBC}") = "BLL_QLVT", "BLL_QLVT\BLL_QLVT.csproj", "{0D258B0E-C4BA-4C18-8B7A-978D9B4CF0A6}"
EndProject
Project("{FAE04EC0-301F-11D3-BF4B-00C04F79EFBC}") = "DTO_QLVT", "DTO_QLVT\DTO_QLVT.csproj", "{D0222A53-CB8A-41AC-9874-11987401E5D8}"
EndProject
Project("{FAE04EC0-301F-11D3-BF4B-00C04F79EFBC}") = "UTIL_QLVT", "UTIL_QLVT\UTIL_QLVT.csproj", "{FEFFE831-D63B-4FD9-A8AA-07ADE442644D}"
EndProject
Global
	GlobalSection(SolutionConfigurationPlatforms) = preSolution
		Debug|Any CPU = Debug|Any CPU
		Release|Any CPU = Release|Any CPU
	EndGlobalSection
	GlobalSection(ProjectConfigurationPlatforms) = postSolution
		{CC2BE01D-C8B5-49BD-A796-8DE9FA487651}.Debug|Any CPU.ActiveCfg = Debug|Any CPU
		{CC2BE01D-C8B5-49BD-A796-8DE9FA487651}.Debug|Any CPU.Build.0 = Debug|Any CPU
		{CC2BE01D-C8B5-49BD-A796-8DE9FA487651}.Release|Any CPU.ActiveCfg = Release|Any CPU
		{CC2BE01D-C8B5-49BD-A796-8DE9FA487651}.Release|Any CPU.Build.0 = Release|Any CPU
		{CDD6909D-93F8-4C59-9BCD-95862210B4D9}.Debug|Any CPU.ActiveCfg = Debug|Any CPU
		{CDD6909D-93F8-4C59-9BCD-95862210B4D9}.Debug|Any CPU.Build.0 = Debug|Any CPU
		{CDD6909D-93F8-4C59-9BCD-95862210B4D9}.Release|Any CPU.ActiveCfg = Release|Any CPU
		{CDD6909D-93F8-4C59-9BCD-95862210B4D9}.Release|Any CPU.Build.0 = Release|Any CPU
		{0D258B0E-C4BA-4C18-8B7A-978D9B4CF0A6}.Debug|Any CPU.ActiveCfg = Debug|Any CPU
		{0D258B0E-C4BA-4C18-8B7A-978D9B4CF0A6}.Debug|Any CPU.Build.0 = Debug|Any CPU
		{0D258B0E-C4BA-4C18-8B7A-978D9B4CF0A6}.Release|Any CPU.ActiveCfg = Release|Any CPU
		{0D258B0E-C4BA-4C18-8B7A-978D9B4CF0A6}.Release|Any CPU.Build.0 = Release|Any CPU
		{D0222A53-CB8A-41AC-9874-11987401E5D8}.Debug|Any CPU.ActiveCfg = Debug|Any CPU
		{D0222A53-CB8A-41AC-9874-11987401E5D8}.Debug|Any CPU.Build.0 = Debug|Any CPU
		{D0222A53-CB8A-41AC-9874-11987401E5D8}.Release|Any CPU.ActiveCfg = Release|Any CPU
		{D0222A53-CB8A-41AC-9874-11987401E5D8}.Release|Any CPU.Build.0 = Release|Any CPU
		{FEFFE831-D63B-4FD9-A8AA-07ADE442644D}.Debug|Any CPU.ActiveCfg = Debug|Any CPU
		{FEFFE831-D63B-4FD9-A8AA-07ADE442644D}.Debug|Any CPU.Build.0 = Debug|Any CPU
		{FEFFE831-D63B-4FD9-A8AA-07ADE442644D}.Release|Any CPU.ActiveCfg = Release|Any CPU
		{FEFFE831-D63B-4FD9-A8AA-07ADE442644D}.Release|Any CPU.Build.0 = Release|Any CPU
	EndGlobalSection
	GlobalSection(SolutionProperties) = preSolution
		HideSolutionNode = FALSE
	EndGlobalSection
	GlobalSection(ExtensibilityGlobals) = postSolution
		SolutionGuid = {273B5301-9907-46CE-93BD-56FF9719389A}
	EndGlobalSection
EndGlobal
